// !$*UTF8*$!
{
	archiveVersion = 1;
	classes = {
	};
	objectVersion = 56;
	objects = {

/* Begin PBXBuildFile section */
		940E70362B219C4E00667885 /* Curves.swift in Sources */ = {isa = PBXBuildFile; fileRef = 940E70352B219C4E00667885 /* Curves.swift */; };
		946D47FE2B389CB200177169 /* UICollectionViewDelegateFlowLayout.swift in Sources */ = {isa = PBXBuildFile; fileRef = 946D47FD2B389CB200177169 /* UICollectionViewDelegateFlowLayout.swift */; };
		947199462B37588D00FA2DF1 /* FillingLayoutDelegate.swift in Sources */ = {isa = PBXBuildFile; fileRef = 947199452B37588D00FA2DF1 /* FillingLayoutDelegate.swift */; };
		947199482B37597700FA2DF1 /* CustomCircularCollectionViewLayout.swift in Sources */ = {isa = PBXBuildFile; fileRef = 947199472B37597700FA2DF1 /* CustomCircularCollectionViewLayout.swift */; };
		94905DD62B1FAA6A00AE65E2 /* GlyphVC.swift in Sources */ = {isa = PBXBuildFile; fileRef = 94905DD42B1FAA6A00AE65E2 /* GlyphVC.swift */; };
		94905DD72B1FAA6A00AE65E2 /* Glyph.xib in Resources */ = {isa = PBXBuildFile; fileRef = 94905DD52B1FAA6A00AE65E2 /* Glyph.xib */; };
		94905DDA2B1FAF3E00AE65E2 /* Line.swift in Sources */ = {isa = PBXBuildFile; fileRef = 94905DD92B1FAF3D00AE65E2 /* Line.swift */; };
		94905DDC2B1FAF7800AE65E2 /* CanvasView.swift in Sources */ = {isa = PBXBuildFile; fileRef = 94905DDB2B1FAF7800AE65E2 /* CanvasView.swift */; };
		94BC43592B3C221100763643 /* Toast in Frameworks */ = {isa = PBXBuildFile; productRef = 94BC43582B3C221100763643 /* Toast */; };
		94BC435C2B3C408300763643 /* Participants_VC.swift in Sources */ = {isa = PBXBuildFile; fileRef = 94BC435A2B3C408300763643 /* Participants_VC.swift */; };
		94BC435D2B3C408300763643 /* Participants_VC.xib in Resources */ = {isa = PBXBuildFile; fileRef = 94BC435B2B3C408300763643 /* Participants_VC.xib */; };
		94BC43602B3C417800763643 /* ParticipantCell.swift in Sources */ = {isa = PBXBuildFile; fileRef = 94BC435E2B3C417800763643 /* ParticipantCell.swift */; };
		94BC43612B3C417800763643 /* ParticipantCell.xib in Resources */ = {isa = PBXBuildFile; fileRef = 94BC435F2B3C417800763643 /* ParticipantCell.xib */; };
		94BC43642B3C57D200763643 /* Portrait_VC.swift in Sources */ = {isa = PBXBuildFile; fileRef = 94BC43622B3C57D200763643 /* Portrait_VC.swift */; };
		94BC43652B3C57D200763643 /* Portrait_VC.xib in Resources */ = {isa = PBXBuildFile; fileRef = 94BC43632B3C57D200763643 /* Portrait_VC.xib */; };
		94E70FD12B1E4B2200B71BBE /* AppDelegate.swift in Sources */ = {isa = PBXBuildFile; fileRef = 94E70FD02B1E4B2200B71BBE /* AppDelegate.swift */; };
		94E70FD32B1E4B2200B71BBE /* SceneDelegate.swift in Sources */ = {isa = PBXBuildFile; fileRef = 94E70FD22B1E4B2200B71BBE /* SceneDelegate.swift */; };
		94E70FD52B1E4B2200B71BBE /* ViewController.swift in Sources */ = {isa = PBXBuildFile; fileRef = 94E70FD42B1E4B2200B71BBE /* ViewController.swift */; };
		94E70FD82B1E4B2200B71BBE /* Main.storyboard in Resources */ = {isa = PBXBuildFile; fileRef = 94E70FD62B1E4B2200B71BBE /* Main.storyboard */; };
		94E70FDA2B1E4B2300B71BBE /* Assets.xcassets in Resources */ = {isa = PBXBuildFile; fileRef = 94E70FD92B1E4B2300B71BBE /* Assets.xcassets */; };
		94E70FDD2B1E4B2300B71BBE /* LaunchScreen.storyboard in Resources */ = {isa = PBXBuildFile; fileRef = 94E70FDB2B1E4B2300B71BBE /* LaunchScreen.storyboard */; };
		94E70FE82B1E4B2300B71BBE /* uikitTests.swift in Sources */ = {isa = PBXBuildFile; fileRef = 94E70FE72B1E4B2300B71BBE /* uikitTests.swift */; };
		94E70FF22B1E4B2300B71BBE /* uikitUITests.swift in Sources */ = {isa = PBXBuildFile; fileRef = 94E70FF12B1E4B2300B71BBE /* uikitUITests.swift */; };
		94E70FF42B1E4B2300B71BBE /* uikitUITestsLaunchTests.swift in Sources */ = {isa = PBXBuildFile; fileRef = 94E70FF32B1E4B2300B71BBE /* uikitUITestsLaunchTests.swift */; };
		94E710032B1E51DF00B71BBE /* ListLettersVC.swift in Sources */ = {isa = PBXBuildFile; fileRef = 94E710022B1E51DF00B71BBE /* ListLettersVC.swift */; };
		94E710072B1E540100B71BBE /* ListLetters.xib in Resources */ = {isa = PBXBuildFile; fileRef = 94E710062B1E540100B71BBE /* ListLetters.xib */; };
		94E7100B2B1E5C9500B71BBE /* ItemCell.swift in Sources */ = {isa = PBXBuildFile; fileRef = 94E710092B1E5C9500B71BBE /* ItemCell.swift */; };
		94E7100C2B1E5C9500B71BBE /* ItemCell.xib in Resources */ = {isa = PBXBuildFile; fileRef = 94E7100A2B1E5C9500B71BBE /* ItemCell.xib */; };
		94EBD8AC2B3B46D1008D1F75 /* Participant.swift in Sources */ = {isa = PBXBuildFile; fileRef = 94EBD8AB2B3B46D1008D1F75 /* Participant.swift */; };
		94EE783C2B3B13780030179D /* Qr_VC.swift in Sources */ = {isa = PBXBuildFile; fileRef = 94EE783A2B3B13780030179D /* Qr_VC.swift */; };
		94EE783D2B3B13780030179D /* Qr_VC.xib in Resources */ = {isa = PBXBuildFile; fileRef = 94EE783B2B3B13780030179D /* Qr_VC.xib */; };
/* End PBXBuildFile section */

/* Begin PBXContainerItemProxy section */
		94E70FE42B1E4B2300B71BBE /* PBXContainerItemProxy */ = {
			isa = PBXContainerItemProxy;
			containerPortal = 94E70FC52B1E4B2200B71BBE /* Project object */;
			proxyType = 1;
			remoteGlobalIDString = 94E70FCC2B1E4B2200B71BBE;
			remoteInfo = uikit;
		};
		94E70FEE2B1E4B2300B71BBE /* PBXContainerItemProxy */ = {
			isa = PBXContainerItemProxy;
			containerPortal = 94E70FC52B1E4B2200B71BBE /* Project object */;
			proxyType = 1;
			remoteGlobalIDString = 94E70FCC2B1E4B2200B71BBE;
			remoteInfo = uikit;
		};
/* End PBXContainerItemProxy section */

/* Begin PBXFileReference section */
		940E70352B219C4E00667885 /* Curves.swift */ = {isa = PBXFileReference; lastKnownFileType = sourcecode.swift; path = Curves.swift; sourceTree = "<group>"; };
		946D47FD2B389CB200177169 /* UICollectionViewDelegateFlowLayout.swift */ = {isa = PBXFileReference; lastKnownFileType = sourcecode.swift; path = UICollectionViewDelegateFlowLayout.swift; sourceTree = "<group>"; };
		947199452B37588D00FA2DF1 /* FillingLayoutDelegate.swift */ = {isa = PBXFileReference; lastKnownFileType = sourcecode.swift; path = FillingLayoutDelegate.swift; sourceTree = "<group>"; };
		947199472B37597700FA2DF1 /* CustomCircularCollectionViewLayout.swift */ = {isa = PBXFileReference; lastKnownFileType = sourcecode.swift; path = CustomCircularCollectionViewLayout.swift; sourceTree = "<group>"; };
		94905DD42B1FAA6A00AE65E2 /* GlyphVC.swift */ = {isa = PBXFileReference; fileEncoding = 4; lastKnownFileType = sourcecode.swift; path = GlyphVC.swift; sourceTree = "<group>"; };
		94905DD52B1FAA6A00AE65E2 /* Glyph.xib */ = {isa = PBXFileReference; fileEncoding = 4; lastKnownFileType = file.xib; path = Glyph.xib; sourceTree = "<group>"; };
		94905DD92B1FAF3D00AE65E2 /* Line.swift */ = {isa = PBXFileReference; lastKnownFileType = sourcecode.swift; path = Line.swift; sourceTree = "<group>"; };
		94905DDB2B1FAF7800AE65E2 /* CanvasView.swift */ = {isa = PBXFileReference; lastKnownFileType = sourcecode.swift; path = CanvasView.swift; sourceTree = "<group>"; };
		94BC435A2B3C408300763643 /* Participants_VC.swift */ = {isa = PBXFileReference; lastKnownFileType = sourcecode.swift; path = Participants_VC.swift; sourceTree = "<group>"; };
		94BC435B2B3C408300763643 /* Participants_VC.xib */ = {isa = PBXFileReference; lastKnownFileType = file.xib; path = Participants_VC.xib; sourceTree = "<group>"; };
		94BC435E2B3C417800763643 /* ParticipantCell.swift */ = {isa = PBXFileReference; lastKnownFileType = sourcecode.swift; path = ParticipantCell.swift; sourceTree = "<group>"; };
		94BC435F2B3C417800763643 /* ParticipantCell.xib */ = {isa = PBXFileReference; lastKnownFileType = file.xib; path = ParticipantCell.xib; sourceTree = "<group>"; };
		94BC43622B3C57D200763643 /* Portrait_VC.swift */ = {isa = PBXFileReference; lastKnownFileType = sourcecode.swift; path = Portrait_VC.swift; sourceTree = "<group>"; };
		94BC43632B3C57D200763643 /* Portrait_VC.xib */ = {isa = PBXFileReference; lastKnownFileType = file.xib; path = Portrait_VC.xib; sourceTree = "<group>"; };
		94E70FCD2B1E4B2200B71BBE /* gopicar.app */ = {isa = PBXFileReference; explicitFileType = wrapper.application; includeInIndex = 0; path = gopicar.app; sourceTree = BUILT_PRODUCTS_DIR; };
		94E70FD02B1E4B2200B71BBE /* AppDelegate.swift */ = {isa = PBXFileReference; lastKnownFileType = sourcecode.swift; path = AppDelegate.swift; sourceTree = "<group>"; };
		94E70FD22B1E4B2200B71BBE /* SceneDelegate.swift */ = {isa = PBXFileReference; lastKnownFileType = sourcecode.swift; path = SceneDelegate.swift; sourceTree = "<group>"; };
		94E70FD42B1E4B2200B71BBE /* ViewController.swift */ = {isa = PBXFileReference; lastKnownFileType = sourcecode.swift; path = ViewController.swift; sourceTree = "<group>"; };
		94E70FD72B1E4B2200B71BBE /* Base */ = {isa = PBXFileReference; lastKnownFileType = file.storyboard; name = Base; path = Base.lproj/Main.storyboard; sourceTree = "<group>"; };
		94E70FD92B1E4B2300B71BBE /* Assets.xcassets */ = {isa = PBXFileReference; lastKnownFileType = folder.assetcatalog; path = Assets.xcassets; sourceTree = "<group>"; };
		94E70FDC2B1E4B2300B71BBE /* Base */ = {isa = PBXFileReference; lastKnownFileType = file.storyboard; name = Base; path = Base.lproj/LaunchScreen.storyboard; sourceTree = "<group>"; };
		94E70FDE2B1E4B2300B71BBE /* Info.plist */ = {isa = PBXFileReference; lastKnownFileType = text.plist.xml; path = Info.plist; sourceTree = "<group>"; };
		94E70FE32B1E4B2300B71BBE /* uikitTests.xctest */ = {isa = PBXFileReference; explicitFileType = wrapper.cfbundle; includeInIndex = 0; path = uikitTests.xctest; sourceTree = BUILT_PRODUCTS_DIR; };
		94E70FE72B1E4B2300B71BBE /* uikitTests.swift */ = {isa = PBXFileReference; lastKnownFileType = sourcecode.swift; path = uikitTests.swift; sourceTree = "<group>"; };
		94E70FED2B1E4B2300B71BBE /* uikitUITests.xctest */ = {isa = PBXFileReference; explicitFileType = wrapper.cfbundle; includeInIndex = 0; path = uikitUITests.xctest; sourceTree = BUILT_PRODUCTS_DIR; };
		94E70FF12B1E4B2300B71BBE /* uikitUITests.swift */ = {isa = PBXFileReference; lastKnownFileType = sourcecode.swift; path = uikitUITests.swift; sourceTree = "<group>"; };
		94E70FF32B1E4B2300B71BBE /* uikitUITestsLaunchTests.swift */ = {isa = PBXFileReference; lastKnownFileType = sourcecode.swift; path = uikitUITestsLaunchTests.swift; sourceTree = "<group>"; };
		94E710022B1E51DF00B71BBE /* ListLettersVC.swift */ = {isa = PBXFileReference; lastKnownFileType = sourcecode.swift; path = ListLettersVC.swift; sourceTree = "<group>"; };
		94E710062B1E540100B71BBE /* ListLetters.xib */ = {isa = PBXFileReference; lastKnownFileType = file.xib; path = ListLetters.xib; sourceTree = "<group>"; };
		94E710092B1E5C9500B71BBE /* ItemCell.swift */ = {isa = PBXFileReference; lastKnownFileType = sourcecode.swift; path = ItemCell.swift; sourceTree = "<group>"; };
		94E7100A2B1E5C9500B71BBE /* ItemCell.xib */ = {isa = PBXFileReference; lastKnownFileType = file.xib; path = ItemCell.xib; sourceTree = "<group>"; };
		94EBD8AB2B3B46D1008D1F75 /* Participant.swift */ = {isa = PBXFileReference; lastKnownFileType = sourcecode.swift; path = Participant.swift; sourceTree = "<group>"; };
		94EE783A2B3B13780030179D /* Qr_VC.swift */ = {isa = PBXFileReference; lastKnownFileType = sourcecode.swift; path = Qr_VC.swift; sourceTree = "<group>"; };
		94EE783B2B3B13780030179D /* Qr_VC.xib */ = {isa = PBXFileReference; lastKnownFileType = file.xib; path = Qr_VC.xib; sourceTree = "<group>"; };
/* End PBXFileReference section */

/* Begin PBXFrameworksBuildPhase section */
		94E70FCA2B1E4B2200B71BBE /* Frameworks */ = {
			isa = PBXFrameworksBuildPhase;
			buildActionMask = 2147483647;
			files = (
				94BC43592B3C221100763643 /* Toast in Frameworks */,
			);
			runOnlyForDeploymentPostprocessing = 0;
		};
		94E70FE02B1E4B2300B71BBE /* Frameworks */ = {
			isa = PBXFrameworksBuildPhase;
			buildActionMask = 2147483647;
			files = (
			);
			runOnlyForDeploymentPostprocessing = 0;
		};
		94E70FEA2B1E4B2300B71BBE /* Frameworks */ = {
			isa = PBXFrameworksBuildPhase;
			buildActionMask = 2147483647;
			files = (
			);
			runOnlyForDeploymentPostprocessing = 0;
		};
/* End PBXFrameworksBuildPhase section */

/* Begin PBXGroup section */
		947199442B37586200FA2DF1 /* UI */ = {
			isa = PBXGroup;
			children = (
				947199452B37588D00FA2DF1 /* FillingLayoutDelegate.swift */,
				947199472B37597700FA2DF1 /* CustomCircularCollectionViewLayout.swift */,
				946D47FD2B389CB200177169 /* UICollectionViewDelegateFlowLayout.swift */,
				94BC435E2B3C417800763643 /* ParticipantCell.swift */,
				94BC435F2B3C417800763643 /* ParticipantCell.xib */,
			);
			path = UI;
			sourceTree = "<group>";
		};
		94905DD32B1FAA6A00AE65E2 /* Glyph */ = {
			isa = PBXGroup;
			children = (
				94905DD42B1FAA6A00AE65E2 /* GlyphVC.swift */,
				940E70352B219C4E00667885 /* Curves.swift */,
				94905DD52B1FAA6A00AE65E2 /* Glyph.xib */,
			);
			path = Glyph;
			sourceTree = "<group>";
		};
		94905DD82B1FAF1A00AE65E2 /* CoreGraphics */ = {
			isa = PBXGroup;
			children = (
				94905DD92B1FAF3D00AE65E2 /* Line.swift */,
				94905DDB2B1FAF7800AE65E2 /* CanvasView.swift */,
			);
			path = CoreGraphics;
			sourceTree = "<group>";
		};
		94E70FC42B1E4B2200B71BBE = {
			isa = PBXGroup;
			children = (
				94E70FCF2B1E4B2200B71BBE /* uikit */,
				94E70FE62B1E4B2300B71BBE /* uikitTests */,
				94E70FF02B1E4B2300B71BBE /* uikitUITests */,
				94E70FCE2B1E4B2200B71BBE /* Products */,
			);
			sourceTree = "<group>";
		};
		94E70FCE2B1E4B2200B71BBE /* Products */ = {
			isa = PBXGroup;
			children = (
				94E70FCD2B1E4B2200B71BBE /* gopicar.app */,
				94E70FE32B1E4B2300B71BBE /* uikitTests.xctest */,
				94E70FED2B1E4B2300B71BBE /* uikitUITests.xctest */,
			);
			name = Products;
			sourceTree = "<group>";
		};
		94E70FCF2B1E4B2200B71BBE /* uikit */ = {
			isa = PBXGroup;
			children = (
				94EBD8AA2B3B469A008D1F75 /* Model */,
				94EBD8A92B3B3929008D1F75 /* VC */,
				947199442B37586200FA2DF1 /* UI */,
				94905DD82B1FAF1A00AE65E2 /* CoreGraphics */,
				94905DD32B1FAA6A00AE65E2 /* Glyph */,
				94E710082B1E5B8200B71BBE /* ItemCell */,
				94E70FD02B1E4B2200B71BBE /* AppDelegate.swift */,
				94E70FD22B1E4B2200B71BBE /* SceneDelegate.swift */,
				94E70FD92B1E4B2300B71BBE /* Assets.xcassets */,
				94E70FDB2B1E4B2300B71BBE /* LaunchScreen.storyboard */,
				94E70FDE2B1E4B2300B71BBE /* Info.plist */,
			);
			path = uikit;
			sourceTree = "<group>";
		};
		94E70FE62B1E4B2300B71BBE /* uikitTests */ = {
			isa = PBXGroup;
			children = (
				94E70FE72B1E4B2300B71BBE /* uikitTests.swift */,
			);
			path = uikitTests;
			sourceTree = "<group>";
		};
		94E70FF02B1E4B2300B71BBE /* uikitUITests */ = {
			isa = PBXGroup;
			children = (
				94E70FF12B1E4B2300B71BBE /* uikitUITests.swift */,
				94E70FF32B1E4B2300B71BBE /* uikitUITestsLaunchTests.swift */,
			);
			path = uikitUITests;
			sourceTree = "<group>";
		};
		94E710082B1E5B8200B71BBE /* ItemCell */ = {
			isa = PBXGroup;
			children = (
				94E710092B1E5C9500B71BBE /* ItemCell.swift */,
				94E7100A2B1E5C9500B71BBE /* ItemCell.xib */,
			);
			path = ItemCell;
			sourceTree = "<group>";
		};
		94EBD8A92B3B3929008D1F75 /* VC */ = {
			isa = PBXGroup;
			children = (
				94EE783A2B3B13780030179D /* Qr_VC.swift */,
				94EE783B2B3B13780030179D /* Qr_VC.xib */,
				94E70FD42B1E4B2200B71BBE /* ViewController.swift */,
				94E710022B1E51DF00B71BBE /* ListLettersVC.swift */,
				94E70FD62B1E4B2200B71BBE /* Main.storyboard */,
				94E710062B1E540100B71BBE /* ListLetters.xib */,
				94BC435A2B3C408300763643 /* Participants_VC.swift */,
				94BC435B2B3C408300763643 /* Participants_VC.xib */,
				94BC43622B3C57D200763643 /* Portrait_VC.swift */,
				94BC43632B3C57D200763643 /* Portrait_VC.xib */,
			);
			path = VC;
			sourceTree = "<group>";
		};
		94EBD8AA2B3B469A008D1F75 /* Model */ = {
			isa = PBXGroup;
			children = (
				94EBD8AB2B3B46D1008D1F75 /* Participant.swift */,
			);
			path = Model;
			sourceTree = "<group>";
		};
/* End PBXGroup section */

/* Begin PBXNativeTarget section */
		94E70FCC2B1E4B2200B71BBE /* gopicar */ = {
			isa = PBXNativeTarget;
			buildConfigurationList = 94E70FF72B1E4B2300B71BBE /* Build configuration list for PBXNativeTarget "gopicar" */;
			buildPhases = (
				94E70FC92B1E4B2200B71BBE /* Sources */,
				94E70FCA2B1E4B2200B71BBE /* Frameworks */,
				94E70FCB2B1E4B2200B71BBE /* Resources */,
			);
			buildRules = (
			);
			dependencies = (
			);
			name = gopicar;
			packageProductDependencies = (
				94BC43582B3C221100763643 /* Toast */,
			);
			productName = uikit;
			productReference = 94E70FCD2B1E4B2200B71BBE /* gopicar.app */;
			productType = "com.apple.product-type.application";
		};
		94E70FE22B1E4B2300B71BBE /* uikitTests */ = {
			isa = PBXNativeTarget;
			buildConfigurationList = 94E70FFA2B1E4B2300B71BBE /* Build configuration list for PBXNativeTarget "uikitTests" */;
			buildPhases = (
				94E70FDF2B1E4B2300B71BBE /* Sources */,
				94E70FE02B1E4B2300B71BBE /* Frameworks */,
				94E70FE12B1E4B2300B71BBE /* Resources */,
			);
			buildRules = (
			);
			dependencies = (
				94E70FE52B1E4B2300B71BBE /* PBXTargetDependency */,
			);
			name = uikitTests;
			productName = uikitTests;
			productReference = 94E70FE32B1E4B2300B71BBE /* uikitTests.xctest */;
			productType = "com.apple.product-type.bundle.unit-test";
		};
		94E70FEC2B1E4B2300B71BBE /* uikitUITests */ = {
			isa = PBXNativeTarget;
			buildConfigurationList = 94E70FFD2B1E4B2300B71BBE /* Build configuration list for PBXNativeTarget "uikitUITests" */;
			buildPhases = (
				94E70FE92B1E4B2300B71BBE /* Sources */,
				94E70FEA2B1E4B2300B71BBE /* Frameworks */,
				94E70FEB2B1E4B2300B71BBE /* Resources */,
			);
			buildRules = (
			);
			dependencies = (
				94E70FEF2B1E4B2300B71BBE /* PBXTargetDependency */,
			);
			name = uikitUITests;
			productName = uikitUITests;
			productReference = 94E70FED2B1E4B2300B71BBE /* uikitUITests.xctest */;
			productType = "com.apple.product-type.bundle.ui-testing";
		};
/* End PBXNativeTarget section */

/* Begin PBXProject section */
		94E70FC52B1E4B2200B71BBE /* Project object */ = {
			isa = PBXProject;
			attributes = {
				BuildIndependentTargetsInParallel = 1;
				KnownAssetTags = (
					qr,
				);
				LastSwiftUpdateCheck = 1500;
				LastUpgradeCheck = 1500;
				TargetAttributes = {
					94E70FCC2B1E4B2200B71BBE = {
						CreatedOnToolsVersion = 15.0.1;
					};
					94E70FE22B1E4B2300B71BBE = {
						CreatedOnToolsVersion = 15.0.1;
						TestTargetID = 94E70FCC2B1E4B2200B71BBE;
					};
					94E70FEC2B1E4B2300B71BBE = {
						CreatedOnToolsVersion = 15.0.1;
						TestTargetID = 94E70FCC2B1E4B2200B71BBE;
					};
				};
			};
			buildConfigurationList = 94E70FC82B1E4B2200B71BBE /* Build configuration list for PBXProject "gopicar" */;
			compatibilityVersion = "Xcode 14.0";
			developmentRegion = en;
			hasScannedForEncodings = 0;
			knownRegions = (
				en,
				Base,
			);
			mainGroup = 94E70FC42B1E4B2200B71BBE;
			packageReferences = (
				94BC43572B3C221100763643 /* XCRemoteSwiftPackageReference "toast-swift" */,
			);
			productRefGroup = 94E70FCE2B1E4B2200B71BBE /* Products */;
			projectDirPath = "";
			projectRoot = "";
			targets = (
				94E70FCC2B1E4B2200B71BBE /* gopicar */,
				94E70FE22B1E4B2300B71BBE /* uikitTests */,
				94E70FEC2B1E4B2300B71BBE /* uikitUITests */,
			);
		};
/* End PBXProject section */

/* Begin PBXResourcesBuildPhase section */
		94E70FCB2B1E4B2200B71BBE /* Resources */ = {
			isa = PBXResourcesBuildPhase;
			buildActionMask = 2147483647;
			files = (
				94905DD72B1FAA6A00AE65E2 /* Glyph.xib in Resources */,
				94EE783D2B3B13780030179D /* Qr_VC.xib in Resources */,
				94E70FDD2B1E4B2300B71BBE /* LaunchScreen.storyboard in Resources */,
				94BC43652B3C57D200763643 /* Portrait_VC.xib in Resources */,
				94E70FDA2B1E4B2300B71BBE /* Assets.xcassets in Resources */,
				94BC43612B3C417800763643 /* ParticipantCell.xib in Resources */,
				94E7100C2B1E5C9500B71BBE /* ItemCell.xib in Resources */,
				94E70FD82B1E4B2200B71BBE /* Main.storyboard in Resources */,
				94BC435D2B3C408300763643 /* Participants_VC.xib in Resources */,
				94E710072B1E540100B71BBE /* ListLetters.xib in Resources */,
			);
			runOnlyForDeploymentPostprocessing = 0;
		};
		94E70FE12B1E4B2300B71BBE /* Resources */ = {
			isa = PBXResourcesBuildPhase;
			buildActionMask = 2147483647;
			files = (
			);
			runOnlyForDeploymentPostprocessing = 0;
		};
		94E70FEB2B1E4B2300B71BBE /* Resources */ = {
			isa = PBXResourcesBuildPhase;
			buildActionMask = 2147483647;
			files = (
			);
			runOnlyForDeploymentPostprocessing = 0;
		};
/* End PBXResourcesBuildPhase section */

/* Begin PBXSourcesBuildPhase section */
		94E70FC92B1E4B2200B71BBE /* Sources */ = {
			isa = PBXSourcesBuildPhase;
			buildActionMask = 2147483647;
			files = (
				947199482B37597700FA2DF1 /* CustomCircularCollectionViewLayout.swift in Sources */,
				94BC435C2B3C408300763643 /* Participants_VC.swift in Sources */,
				94EE783C2B3B13780030179D /* Qr_VC.swift in Sources */,
				946D47FE2B389CB200177169 /* UICollectionViewDelegateFlowLayout.swift in Sources */,
				94EBD8AC2B3B46D1008D1F75 /* Participant.swift in Sources */,
				94E70FD52B1E4B2200B71BBE /* ViewController.swift in Sources */,
				94E710032B1E51DF00B71BBE /* ListLettersVC.swift in Sources */,
				94905DDC2B1FAF7800AE65E2 /* CanvasView.swift in Sources */,
				94905DD62B1FAA6A00AE65E2 /* GlyphVC.swift in Sources */,
				94E70FD12B1E4B2200B71BBE /* AppDelegate.swift in Sources */,
				940E70362B219C4E00667885 /* Curves.swift in Sources */,
				947199462B37588D00FA2DF1 /* FillingLayoutDelegate.swift in Sources */,
				94E70FD32B1E4B2200B71BBE /* SceneDelegate.swift in Sources */,
				94BC43642B3C57D200763643 /* Portrait_VC.swift in Sources */,
				94905DDA2B1FAF3E00AE65E2 /* Line.swift in Sources */,
				94E7100B2B1E5C9500B71BBE /* ItemCell.swift in Sources */,
				94BC43602B3C417800763643 /* ParticipantCell.swift in Sources */,
			);
			runOnlyForDeploymentPostprocessing = 0;
		};
		94E70FDF2B1E4B2300B71BBE /* Sources */ = {
			isa = PBXSourcesBuildPhase;
			buildActionMask = 2147483647;
			files = (
				94E70FE82B1E4B2300B71BBE /* uikitTests.swift in Sources */,
			);
			runOnlyForDeploymentPostprocessing = 0;
		};
		94E70FE92B1E4B2300B71BBE /* Sources */ = {
			isa = PBXSourcesBuildPhase;
			buildActionMask = 2147483647;
			files = (
				94E70FF22B1E4B2300B71BBE /* uikitUITests.swift in Sources */,
				94E70FF42B1E4B2300B71BBE /* uikitUITestsLaunchTests.swift in Sources */,
			);
			runOnlyForDeploymentPostprocessing = 0;
		};
/* End PBXSourcesBuildPhase section */

/* Begin PBXTargetDependency section */
		94E70FE52B1E4B2300B71BBE /* PBXTargetDependency */ = {
			isa = PBXTargetDependency;
			target = 94E70FCC2B1E4B2200B71BBE /* gopicar */;
			targetProxy = 94E70FE42B1E4B2300B71BBE /* PBXContainerItemProxy */;
		};
		94E70FEF2B1E4B2300B71BBE /* PBXTargetDependency */ = {
			isa = PBXTargetDependency;
			target = 94E70FCC2B1E4B2200B71BBE /* gopicar */;
			targetProxy = 94E70FEE2B1E4B2300B71BBE /* PBXContainerItemProxy */;
		};
/* End PBXTargetDependency section */

/* Begin PBXVariantGroup section */
		94E70FD62B1E4B2200B71BBE /* Main.storyboard */ = {
			isa = PBXVariantGroup;
			children = (
				94E70FD72B1E4B2200B71BBE /* Base */,
			);
			name = Main.storyboard;
			sourceTree = "<group>";
		};
		94E70FDB2B1E4B2300B71BBE /* LaunchScreen.storyboard */ = {
			isa = PBXVariantGroup;
			children = (
				94E70FDC2B1E4B2300B71BBE /* Base */,
			);
			name = LaunchScreen.storyboard;
			sourceTree = "<group>";
		};
/* End PBXVariantGroup section */

/* Begin XCBuildConfiguration section */
		94E70FF52B1E4B2300B71BBE /* Debug */ = {
			isa = XCBuildConfiguration;
			buildSettings = {
				ALWAYS_SEARCH_USER_PATHS = NO;
				ASSETCATALOG_COMPILER_GENERATE_SWIFT_ASSET_SYMBOL_EXTENSIONS = YES;
				CLANG_ANALYZER_NONNULL = YES;
				CLANG_ANALYZER_NUMBER_OBJECT_CONVERSION = YES_AGGRESSIVE;
				CLANG_CXX_LANGUAGE_STANDARD = "gnu++20";
				CLANG_ENABLE_MODULES = YES;
				CLANG_ENABLE_OBJC_ARC = YES;
				CLANG_ENABLE_OBJC_WEAK = YES;
				CLANG_WARN_BLOCK_CAPTURE_AUTORELEASING = YES;
				CLANG_WARN_BOOL_CONVERSION = YES;
				CLANG_WARN_COMMA = YES;
				CLANG_WARN_CONSTANT_CONVERSION = YES;
				CLANG_WARN_DEPRECATED_OBJC_IMPLEMENTATIONS = YES;
				CLANG_WARN_DIRECT_OBJC_ISA_USAGE = YES_ERROR;
				CLANG_WARN_DOCUMENTATION_COMMENTS = YES;
				CLANG_WARN_EMPTY_BODY = YES;
				CLANG_WARN_ENUM_CONVERSION = YES;
				CLANG_WARN_INFINITE_RECURSION = YES;
				CLANG_WARN_INT_CONVERSION = YES;
				CLANG_WARN_NON_LITERAL_NULL_CONVERSION = YES;
				CLANG_WARN_OBJC_IMPLICIT_RETAIN_SELF = YES;
				CLANG_WARN_OBJC_LITERAL_CONVERSION = YES;
				CLANG_WARN_OBJC_ROOT_CLASS = YES_ERROR;
				CLANG_WARN_QUOTED_INCLUDE_IN_FRAMEWORK_HEADER = YES;
				CLANG_WARN_RANGE_LOOP_ANALYSIS = YES;
				CLANG_WARN_STRICT_PROTOTYPES = YES;
				CLANG_WARN_SUSPICIOUS_MOVE = YES;
				CLANG_WARN_UNGUARDED_AVAILABILITY = YES_AGGRESSIVE;
				CLANG_WARN_UNREACHABLE_CODE = YES;
				CLANG_WARN__DUPLICATE_METHOD_MATCH = YES;
				COPY_PHASE_STRIP = NO;
				DEBUG_INFORMATION_FORMAT = dwarf;
				ENABLE_STRICT_OBJC_MSGSEND = YES;
				ENABLE_TESTABILITY = YES;
				ENABLE_USER_SCRIPT_SANDBOXING = YES;
				GCC_C_LANGUAGE_STANDARD = gnu17;
				GCC_DYNAMIC_NO_PIC = NO;
				GCC_NO_COMMON_BLOCKS = YES;
				GCC_OPTIMIZATION_LEVEL = 0;
				GCC_PREPROCESSOR_DEFINITIONS = (
					"DEBUG=1",
					"$(inherited)",
				);
				GCC_WARN_64_TO_32_BIT_CONVERSION = YES;
				GCC_WARN_ABOUT_RETURN_TYPE = YES_ERROR;
				GCC_WARN_UNDECLARED_SELECTOR = YES;
				GCC_WARN_UNINITIALIZED_AUTOS = YES_AGGRESSIVE;
				GCC_WARN_UNUSED_FUNCTION = YES;
				GCC_WARN_UNUSED_VARIABLE = YES;
				IPHONEOS_DEPLOYMENT_TARGET = 13.0;
				LOCALIZATION_PREFERS_STRING_CATALOGS = YES;
				MTL_ENABLE_DEBUG_INFO = INCLUDE_SOURCE;
				MTL_FAST_MATH = YES;
				ONLY_ACTIVE_ARCH = YES;
				SDKROOT = iphoneos;
				SWIFT_ACTIVE_COMPILATION_CONDITIONS = "DEBUG $(inherited)";
				SWIFT_OPTIMIZATION_LEVEL = "-Onone";
			};
			name = Debug;
		};
		94E70FF62B1E4B2300B71BBE /* Release */ = {
			isa = XCBuildConfiguration;
			buildSettings = {
				ALWAYS_SEARCH_USER_PATHS = NO;
				ASSETCATALOG_COMPILER_GENERATE_SWIFT_ASSET_SYMBOL_EXTENSIONS = YES;
				CLANG_ANALYZER_NONNULL = YES;
				CLANG_ANALYZER_NUMBER_OBJECT_CONVERSION = YES_AGGRESSIVE;
				CLANG_CXX_LANGUAGE_STANDARD = "gnu++20";
				CLANG_ENABLE_MODULES = YES;
				CLANG_ENABLE_OBJC_ARC = YES;
				CLANG_ENABLE_OBJC_WEAK = YES;
				CLANG_WARN_BLOCK_CAPTURE_AUTORELEASING = YES;
				CLANG_WARN_BOOL_CONVERSION = YES;
				CLANG_WARN_COMMA = YES;
				CLANG_WARN_CONSTANT_CONVERSION = YES;
				CLANG_WARN_DEPRECATED_OBJC_IMPLEMENTATIONS = YES;
				CLANG_WARN_DIRECT_OBJC_ISA_USAGE = YES_ERROR;
				CLANG_WARN_DOCUMENTATION_COMMENTS = YES;
				CLANG_WARN_EMPTY_BODY = YES;
				CLANG_WARN_ENUM_CONVERSION = YES;
				CLANG_WARN_INFINITE_RECURSION = YES;
				CLANG_WARN_INT_CONVERSION = YES;
				CLANG_WARN_NON_LITERAL_NULL_CONVERSION = YES;
				CLANG_WARN_OBJC_IMPLICIT_RETAIN_SELF = YES;
				CLANG_WARN_OBJC_LITERAL_CONVERSION = YES;
				CLANG_WARN_OBJC_ROOT_CLASS = YES_ERROR;
				CLANG_WARN_QUOTED_INCLUDE_IN_FRAMEWORK_HEADER = YES;
				CLANG_WARN_RANGE_LOOP_ANALYSIS = YES;
				CLANG_WARN_STRICT_PROTOTYPES = YES;
				CLANG_WARN_SUSPICIOUS_MOVE = YES;
				CLANG_WARN_UNGUARDED_AVAILABILITY = YES_AGGRESSIVE;
				CLANG_WARN_UNREACHABLE_CODE = YES;
				CLANG_WARN__DUPLICATE_METHOD_MATCH = YES;
				COPY_PHASE_STRIP = NO;
				DEBUG_INFORMATION_FORMAT = "dwarf-with-dsym";
				ENABLE_NS_ASSERTIONS = NO;
				ENABLE_STRICT_OBJC_MSGSEND = YES;
				ENABLE_USER_SCRIPT_SANDBOXING = YES;
				GCC_C_LANGUAGE_STANDARD = gnu17;
				GCC_NO_COMMON_BLOCKS = YES;
				GCC_WARN_64_TO_32_BIT_CONVERSION = YES;
				GCC_WARN_ABOUT_RETURN_TYPE = YES_ERROR;
				GCC_WARN_UNDECLARED_SELECTOR = YES;
				GCC_WARN_UNINITIALIZED_AUTOS = YES_AGGRESSIVE;
				GCC_WARN_UNUSED_FUNCTION = YES;
				GCC_WARN_UNUSED_VARIABLE = YES;
				IPHONEOS_DEPLOYMENT_TARGET = 13.0;
				LOCALIZATION_PREFERS_STRING_CATALOGS = YES;
				MTL_ENABLE_DEBUG_INFO = NO;
				MTL_FAST_MATH = YES;
				SDKROOT = iphoneos;
				SWIFT_COMPILATION_MODE = wholemodule;
				VALIDATE_PRODUCT = YES;
			};
			name = Release;
		};
		94E70FF82B1E4B2300B71BBE /* Debug */ = {
			isa = XCBuildConfiguration;
			buildSettings = {
				ASSETCATALOG_COMPILER_APPICON_NAME = AppIcon;
				ASSETCATALOG_COMPILER_GLOBAL_ACCENT_COLOR_NAME = AccentColor;
				CODE_SIGN_STYLE = Automatic;
				CURRENT_PROJECT_VERSION = 1;
				DEVELOPMENT_TEAM = RSD67YH647;
				GENERATE_INFOPLIST_FILE = YES;
				INFOPLIST_FILE = uikit/Info.plist;
				INFOPLIST_KEY_CFBundleDisplayName = "Гопикар";
				INFOPLIST_KEY_NSCameraUsageDescription = "We need to access your camera for scanning QR codes";
				INFOPLIST_KEY_UIApplicationSupportsIndirectInputEvents = YES;
				INFOPLIST_KEY_UILaunchStoryboardName = LaunchScreen;
				INFOPLIST_KEY_UIMainStoryboardFile = Main;
				INFOPLIST_KEY_UIRequiredDeviceCapabilities = armv7;
				INFOPLIST_KEY_UIStatusBarStyle = UIStatusBarStyleDarkContent;
				INFOPLIST_KEY_UISupportedInterfaceOrientations = UIInterfaceOrientationPortrait;
				IPHONEOS_DEPLOYMENT_TARGET = 13.0;
				LD_RUNPATH_SEARCH_PATHS = (
					"$(inherited)",
					"@executable_path/Frameworks",
				);
				MARKETING_VERSION = 1.0;
				PRODUCT_BUNDLE_IDENTIFIER = net.fenki.generic;
				PRODUCT_NAME = "$(TARGET_NAME)";
				SWIFT_EMIT_LOC_STRINGS = YES;
				SWIFT_VERSION = 5.0;
				TARGETED_DEVICE_FAMILY = "1,2";
			};
			name = Debug;
		};
		94E70FF92B1E4B2300B71BBE /* Release */ = {
			isa = XCBuildConfiguration;
			buildSettings = {
				ASSETCATALOG_COMPILER_APPICON_NAME = AppIcon;
				ASSETCATALOG_COMPILER_GLOBAL_ACCENT_COLOR_NAME = AccentColor;
				CODE_SIGN_STYLE = Automatic;
				CURRENT_PROJECT_VERSION = 1;
				DEVELOPMENT_TEAM = RSD67YH647;
				GENERATE_INFOPLIST_FILE = YES;
				INFOPLIST_FILE = uikit/Info.plist;
				INFOPLIST_KEY_CFBundleDisplayName = "Гопикар";
				INFOPLIST_KEY_NSCameraUsageDescription = "We need to access your camera for scanning QR codes";
				INFOPLIST_KEY_UIApplicationSupportsIndirectInputEvents = YES;
				INFOPLIST_KEY_UILaunchStoryboardName = LaunchScreen;
				INFOPLIST_KEY_UIMainStoryboardFile = Main;
				INFOPLIST_KEY_UIRequiredDeviceCapabilities = armv7;
				INFOPLIST_KEY_UIStatusBarStyle = UIStatusBarStyleDarkContent;
				INFOPLIST_KEY_UISupportedInterfaceOrientations = UIInterfaceOrientationPortrait;
				IPHONEOS_DEPLOYMENT_TARGET = 13.0;
				LD_RUNPATH_SEARCH_PATHS = (
					"$(inherited)",
					"@executable_path/Frameworks",
				);
				MARKETING_VERSION = 1.0;
				PRODUCT_BUNDLE_IDENTIFIER = net.fenki.generic;
				PRODUCT_NAME = "$(TARGET_NAME)";
				SWIFT_EMIT_LOC_STRINGS = YES;
				SWIFT_VERSION = 5.0;
				TARGETED_DEVICE_FAMILY = "1,2";
			};
			name = Release;
		};
		94E70FFB2B1E4B2300B71BBE /* Debug */ = {
			isa = XCBuildConfiguration;
			buildSettings = {
				ALWAYS_EMBED_SWIFT_STANDARD_LIBRARIES = YES;
				BUNDLE_LOADER = "$(TEST_HOST)";
				CODE_SIGN_STYLE = Automatic;
				CURRENT_PROJECT_VERSION = 1;
				DEVELOPMENT_TEAM = RSD67YH647;
				GENERATE_INFOPLIST_FILE = YES;
				IPHONEOS_DEPLOYMENT_TARGET = 17.0;
				MARKETING_VERSION = 1.0;
				PRODUCT_BUNDLE_IDENTIFIER = net.fenki.uikitTests;
				PRODUCT_NAME = "$(TARGET_NAME)";
				SWIFT_EMIT_LOC_STRINGS = NO;
				SWIFT_VERSION = 5.0;
				TARGETED_DEVICE_FAMILY = "1,2";
				TEST_HOST = "$(BUILT_PRODUCTS_DIR)/word_uikit.app/$(BUNDLE_EXECUTABLE_FOLDER_PATH)/word_uikit";
			};
			name = Debug;
		};
		94E70FFC2B1E4B2300B71BBE /* Release */ = {
			isa = XCBuildConfiguration;
			buildSettings = {
				ALWAYS_EMBED_SWIFT_STANDARD_LIBRARIES = YES;
				BUNDLE_LOADER = "$(TEST_HOST)";
				CODE_SIGN_STYLE = Automatic;
				CURRENT_PROJECT_VERSION = 1;
				DEVELOPMENT_TEAM = RSD67YH647;
				GENERATE_INFOPLIST_FILE = YES;
				IPHONEOS_DEPLOYMENT_TARGET = 17.0;
				MARKETING_VERSION = 1.0;
				PRODUCT_BUNDLE_IDENTIFIER = net.fenki.uikitTests;
				PRODUCT_NAME = "$(TARGET_NAME)";
				SWIFT_EMIT_LOC_STRINGS = NO;
				SWIFT_VERSION = 5.0;
				TARGETED_DEVICE_FAMILY = "1,2";
				TEST_HOST = "$(BUILT_PRODUCTS_DIR)/word_uikit.app/$(BUNDLE_EXECUTABLE_FOLDER_PATH)/word_uikit";
			};
			name = Release;
		};
		94E70FFE2B1E4B2300B71BBE /* Debug */ = {
			isa = XCBuildConfiguration;
			buildSettings = {
				ALWAYS_EMBED_SWIFT_STANDARD_LIBRARIES = YES;
				CODE_SIGN_STYLE = Automatic;
				CURRENT_PROJECT_VERSION = 1;
				DEVELOPMENT_TEAM = RSD67YH647;
				GENERATE_INFOPLIST_FILE = YES;
				MARKETING_VERSION = 1.0;
				PRODUCT_BUNDLE_IDENTIFIER = net.fenki.uikitUITests;
				PRODUCT_NAME = "$(TARGET_NAME)";
				SWIFT_EMIT_LOC_STRINGS = NO;
				SWIFT_VERSION = 5.0;
				TARGETED_DEVICE_FAMILY = "1,2";
				TEST_TARGET_NAME = uikit;
			};
			name = Debug;
		};
		94E70FFF2B1E4B2300B71BBE /* Release */ = {
			isa = XCBuildConfiguration;
			buildSettings = {
				ALWAYS_EMBED_SWIFT_STANDARD_LIBRARIES = YES;
				CODE_SIGN_STYLE = Automatic;
				CURRENT_PROJECT_VERSION = 1;
				DEVELOPMENT_TEAM = RSD67YH647;
				GENERATE_INFOPLIST_FILE = YES;
				MARKETING_VERSION = 1.0;
				PRODUCT_BUNDLE_IDENTIFIER = net.fenki.uikitUITests;
				PRODUCT_NAME = "$(TARGET_NAME)";
				SWIFT_EMIT_LOC_STRINGS = NO;
				SWIFT_VERSION = 5.0;
				TARGETED_DEVICE_FAMILY = "1,2";
				TEST_TARGET_NAME = uikit;
			};
			name = Release;
		};
/* End XCBuildConfiguration section */

/* Begin XCConfigurationList section */
		94E70FC82B1E4B2200B71BBE /* Build configuration list for PBXProject "gopicar" */ = {
			isa = XCConfigurationList;
			buildConfigurations = (
				94E70FF52B1E4B2300B71BBE /* Debug */,
				94E70FF62B1E4B2300B71BBE /* Release */,
			);
			defaultConfigurationIsVisible = 0;
			defaultConfigurationName = Release;
		};
		94E70FF72B1E4B2300B71BBE /* Build configuration list for PBXNativeTarget "gopicar" */ = {
			isa = XCConfigurationList;
			buildConfigurations = (
				94E70FF82B1E4B2300B71BBE /* Debug */,
				94E70FF92B1E4B2300B71BBE /* Release */,
			);
			defaultConfigurationIsVisible = 0;
			defaultConfigurationName = Release;
		};
		94E70FFA2B1E4B2300B71BBE /* Build configuration list for PBXNativeTarget "uikitTests" */ = {
			isa = XCConfigurationList;
			buildConfigurations = (
				94E70FFB2B1E4B2300B71BBE /* Debug */,
				94E70FFC2B1E4B2300B71BBE /* Release */,
			);
			defaultConfigurationIsVisible = 0;
			defaultConfigurationName = Release;
		};
		94E70FFD2B1E4B2300B71BBE /* Build configuration list for PBXNativeTarget "uikitUITests" */ = {
			isa = XCConfigurationList;
			buildConfigurations = (
				94E70FFE2B1E4B2300B71BBE /* Debug */,
				94E70FFF2B1E4B2300B71BBE /* Release */,
			);
			defaultConfigurationIsVisible = 0;
			defaultConfigurationName = Release;
		};
/* End XCConfigurationList section */

/* Begin XCRemoteSwiftPackageReference section */
		94BC43572B3C221100763643 /* XCRemoteSwiftPackageReference "toast-swift" */ = {
			isa = XCRemoteSwiftPackageReference;
			repositoryURL = "https://github.com/BastiaanJansen/toast-swift";
			requirement = {
				kind = upToNextMajorVersion;
				minimumVersion = 2.1.1;
			};
		};
/* End XCRemoteSwiftPackageReference section */

/* Begin XCSwiftPackageProductDependency section */
		94BC43582B3C221100763643 /* Toast */ = {
			isa = XCSwiftPackageProductDependency;
			package = 94BC43572B3C221100763643 /* XCRemoteSwiftPackageReference "toast-swift" */;
			productName = Toast;
		};
/* End XCSwiftPackageProductDependency section */
	};
	rootObject = 94E70FC52B1E4B2200B71BBE /* Project object */;
}
